Microsoft Visual Studio Solution File, Format Version 12.00
# Visual Studio Version 17
VisualStudioVersion = 17.5.2.0
MinimumVisualStudioVersion = 10.0.40219.1
Project("{FAE04EC0-301F-11D3-BF4B-00C04F79EFBC}") = "API_PROJETO", "API_PROJETO.csproj", "{8DE9E17B-18BC-4FB0-E6A7-C447BB4BAFAD}"
EndProject
Global
	GlobalSection(SolutionConfigurationPlatforms) = preSolution
		Debug|Any CPU = Debug|Any CPU
		Release|Any CPU = Release|Any CPU
	EndGlobalSection
	GlobalSection(ProjectConfigurationPlatforms) = postSolution
		{8DE9E17B-18BC-4FB0-E6A7-C447BB4BAFAD}.Debug|Any CPU.ActiveCfg = Debug|Any CPU
		{8DE9E17B-18BC-4FB0-E6A7-C447BB4BAFAD}.Debug|Any CPU.Build.0 = Debug|Any CPU
		{8DE9E17B-18BC-4FB0-E6A7-C447BB4BAFAD}.Release|Any CPU.ActiveCfg = Release|Any CPU
		{8DE9E17B-18BC-4FB0-E6A7-C447BB4BAFAD}.Release|Any CPU.Build.0 = Release|Any CPU
	EndGlobalSection
	GlobalSection(SolutionProperties) = preSolution
		HideSolutionNode = FALSE
	EndGlobalSection
	GlobalSection(ExtensibilityGlobals) = postSolution
		SolutionGuid = {5DA04D5D-538D-438C-A0F4-F96553A73804}
	EndGlobalSection
EndGlobal
